Microsoft Visual Studio Solution File, Format Version 11.00
# Visual C++ Express 2010
Project("{8BC9CEB8-8B4A-11D0-8D11-00A0C91BC942}") = "eressea", "src\eressea.vcxproj", "{AD80EB0B-7CB4-42F2-9C95-8CCEF68DB387}"
EndProject
Project("{8BC9CEB8-8B4A-11D0-8D11-00A0C91BC942}") = "meropis", "..\meropis\src\meropis.vcxproj", "{52764450-41CA-11E0-B2EC-3136E0D72085}"
EndProject
Project("{8BC9CEB8-8B4A-11D0-8D11-00A0C91BC942}") = "example", "..\example\src\example.vcxproj", "{4A17DAEE-2261-4E2C-96F6-BA4132A09551}"
EndProject
Project("{8BC9CEB8-8B4A-11D0-8D11-00A0C91BC942}") = "kernel", "..\shared\src\kernel.vcxproj", "{6F104C0A-DDF5-A34B-A89C-0DC278DCEF6D}"
EndProject
Project("{8BC9CEB8-8B4A-11D0-8D11-00A0C91BC942}") = "gamecode", "..\shared\src\gamecode.vcxproj", "{1E8BFF9E-3044-0742-992F-C5765B80FE65}"
EndProject
Project("{8BC9CEB8-8B4A-11D0-8D11-00A0C91BC942}") = "util", "..\shared\src\util.vcxproj", "{F70CFB27-8A2F-E447-B452-4E1C590EDA6D}"
EndProject
Project("{8BC9CEB8-8B4A-11D0-8D11-00A0C91BC942}") = "lua-bindings", "..\shared\src\lua-bindings.vcxproj", "{75501170-51C2-E641-BA8B-EDC008184192}"
EndProject
Project("{8BC9CEB8-8B4A-11D0-8D11-00A0C91BC942}") = "external", "..\external\external.vcxproj", "{F9AE4586-8F65-486B-9666-744839E40A54}"
EndProject
Global
	GlobalSection(SolutionConfigurationPlatforms) = preSolution
		Debug|Win32 = Debug|Win32
		Release|Win32 = Release|Win32
	EndGlobalSection
	GlobalSection(ProjectConfigurationPlatforms) = postSolution
		{AD80EB0B-7CB4-42F2-9C95-8CCEF68DB387}.Debug|Win32.ActiveCfg = Debug|Win32
		{AD80EB0B-7CB4-42F2-9C95-8CCEF68DB387}.Debug|Win32.Build.0 = Debug|Win32
		{AD80EB0B-7CB4-42F2-9C95-8CCEF68DB387}.Release|Win32.ActiveCfg = Release|Win32
		{AD80EB0B-7CB4-42F2-9C95-8CCEF68DB387}.Release|Win32.Build.0 = Release|Win32
		{52764450-41CA-11E0-B2EC-3136E0D72085}.Debug|Win32.ActiveCfg = Debug|Win32
		{52764450-41CA-11E0-B2EC-3136E0D72085}.Release|Win32.ActiveCfg = Release|Win32
		{4A17DAEE-2261-4E2C-96F6-BA4132A09551}.Debug|Win32.ActiveCfg = Debug|Win32
		{4A17DAEE-2261-4E2C-96F6-BA4132A09551}.Debug|Win32.Build.0 = Debug|Win32
		{4A17DAEE-2261-4E2C-96F6-BA4132A09551}.Release|Win32.ActiveCfg = Release|Win32
		{6F104C0A-DDF5-A34B-A89C-0DC278DCEF6D}.Debug|Win32.ActiveCfg = Debug|Win32
		{6F104C0A-DDF5-A34B-A89C-0DC278DCEF6D}.Release|Win32.ActiveCfg = Release|Win32
		{6F104C0A-DDF5-A34B-A89C-0DC278DCEF6D}.Release|Win32.Build.0 = Release|Win32
		{1E8BFF9E-3044-0742-992F-C5765B80FE65}.Debug|Win32.ActiveCfg = Debug|Win32
		{1E8BFF9E-3044-0742-992F-C5765B80FE65}.Release|Win32.ActiveCfg = Release|Win32
		{1E8BFF9E-3044-0742-992F-C5765B80FE65}.Release|Win32.Build.0 = Release|Win32
		{F70CFB27-8A2F-E447-B452-4E1C590EDA6D}.Debug|Win32.ActiveCfg = Debug|Win32
		{F70CFB27-8A2F-E447-B452-4E1C590EDA6D}.Release|Win32.ActiveCfg = Release|Win32
		{F70CFB27-8A2F-E447-B452-4E1C590EDA6D}.Release|Win32.Build.0 = Release|Win32
		{75501170-51C2-E641-BA8B-EDC008184192}.Debug|Win32.ActiveCfg = Debug|Win32
		{75501170-51C2-E641-BA8B-EDC008184192}.Release|Win32.ActiveCfg = Release|Win32
		{75501170-51C2-E641-BA8B-EDC008184192}.Release|Win32.Build.0 = Release|Win32
		{F9AE4586-8F65-486B-9666-744839E40A54}.Debug|Win32.ActiveCfg = Debug|Win32
		{F9AE4586-8F65-486B-9666-744839E40A54}.Release|Win32.ActiveCfg = Release|Win32
		{F9AE4586-8F65-486B-9666-744839E40A54}.Release|Win32.Build.0 = Release|Win32
	EndGlobalSection
	GlobalSection(SolutionProperties) = preSolution
		HideSolutionNode = FALSE
	EndGlobalSection
EndGlobal
