Microsoft Visual Studio Solution File, Format Version 9.00
# Visual Studio 2005
Project("{8BC9CEB8-8B4A-11D0-8D11-00A0C91BC942}") = "attributes", "common\attributes\attributes.vc8.vcproj", "{330712B5-8B27-4B17-B3CF-7A02CC0F93C3}"
EndProject
Project("{8BC9CEB8-8B4A-11D0-8D11-00A0C91BC942}") = "eressea", "eressea\eressea.vc8.vcproj", "{B859D542-781E-4647-BCAB-3FE5ED077366}"
	ProjectSection(ProjectDependencies) = postProject
		{C14E3D2B-8189-4570-A4E3-9010C873E4FD} = {C14E3D2B-8189-4570-A4E3-9010C873E4FD}
		{79659D44-EC28-42B9-9475-6C0D62D0AAE0} = {79659D44-EC28-42B9-9475-6C0D62D0AAE0}
		{EF495253-2EEC-4F83-B6C0-D651F88B2198} = {EF495253-2EEC-4F83-B6C0-D651F88B2198}
		{1D80D05F-BCF5-4971-8F06-D9581FD3B1F4} = {1D80D05F-BCF5-4971-8F06-D9581FD3B1F4}
		{601CF164-F483-4DE7-8014-64BDD30680B5} = {601CF164-F483-4DE7-8014-64BDD30680B5}
		{EDB0DE67-8215-4AF7-ACA1-F23CB11FF211} = {EDB0DE67-8215-4AF7-ACA1-F23CB11FF211}
		{0EE778AB-8445-40DB-8F65-6BE378A91B97} = {0EE778AB-8445-40DB-8F65-6BE378A91B97}
		{330712B5-8B27-4B17-B3CF-7A02CC0F93C3} = {330712B5-8B27-4B17-B3CF-7A02CC0F93C3}
		{4C837BEC-A428-4287-84B3-8F8F9DE7FA00} = {4C837BEC-A428-4287-84B3-8F8F9DE7FA00}
	EndProjectSection
EndProject
Project("{8BC9CEB8-8B4A-11D0-8D11-00A0C91BC942}") = "gamecode", "common\gamecode\gamecode.vc8.vcproj", "{79659D44-EC28-42B9-9475-6C0D62D0AAE0}"
EndProject
Project("{8BC9CEB8-8B4A-11D0-8D11-00A0C91BC942}") = "items", "common\items\items.vc8.vcproj", "{C14E3D2B-8189-4570-A4E3-9010C873E4FD}"
EndProject
Project("{8BC9CEB8-8B4A-11D0-8D11-00A0C91BC942}") = "kernel", "common\kernel\kernel.vc8.vcproj", "{EDB0DE67-8215-4AF7-ACA1-F23CB11FF211}"
EndProject
Project("{8BC9CEB8-8B4A-11D0-8D11-00A0C91BC942}") = "modules", "common\modules\modules.vc8.vcproj", "{601CF164-F483-4DE7-8014-64BDD30680B5}"
EndProject
Project("{8BC9CEB8-8B4A-11D0-8D11-00A0C91BC942}") = "races", "common\races\races.vc8.vcproj", "{4C837BEC-A428-4287-84B3-8F8F9DE7FA00}"
EndProject
Project("{8BC9CEB8-8B4A-11D0-8D11-00A0C91BC942}") = "spells", "common\spells\spells.vc8.vcproj", "{0EE778AB-8445-40DB-8F65-6BE378A91B97}"
EndProject
Project("{8BC9CEB8-8B4A-11D0-8D11-00A0C91BC942}") = "triggers", "common\triggers\triggers.vc8.vcproj", "{EF495253-2EEC-4F83-B6C0-D651F88B2198}"
EndProject
Project("{8BC9CEB8-8B4A-11D0-8D11-00A0C91BC942}") = "util", "common\util\util.vc8.vcproj", "{1D80D05F-BCF5-4971-8F06-D9581FD3B1F4}"
EndProject
Project("{8BC9CEB8-8B4A-11D0-8D11-00A0C91BC942}") = "eressea-lua", "eressea\eressea-lua.vc8.vcproj", "{749A2F7C-B9C3-4CEB-B1B2-1D4587E68719}"
	ProjectSection(ProjectDependencies) = postProject
		{C14E3D2B-8189-4570-A4E3-9010C873E4FD} = {C14E3D2B-8189-4570-A4E3-9010C873E4FD}
		{79659D44-EC28-42B9-9475-6C0D62D0AAE0} = {79659D44-EC28-42B9-9475-6C0D62D0AAE0}
		{EF495253-2EEC-4F83-B6C0-D651F88B2198} = {EF495253-2EEC-4F83-B6C0-D651F88B2198}
		{1D80D05F-BCF5-4971-8F06-D9581FD3B1F4} = {1D80D05F-BCF5-4971-8F06-D9581FD3B1F4}
		{601CF164-F483-4DE7-8014-64BDD30680B5} = {601CF164-F483-4DE7-8014-64BDD30680B5}
		{EDB0DE67-8215-4AF7-ACA1-F23CB11FF211} = {EDB0DE67-8215-4AF7-ACA1-F23CB11FF211}
		{0EE778AB-8445-40DB-8F65-6BE378A91B97} = {0EE778AB-8445-40DB-8F65-6BE378A91B97}
		{330712B5-8B27-4B17-B3CF-7A02CC0F93C3} = {330712B5-8B27-4B17-B3CF-7A02CC0F93C3}
		{4C837BEC-A428-4287-84B3-8F8F9DE7FA00} = {4C837BEC-A428-4287-84B3-8F8F9DE7FA00}
	EndProjectSection
EndProject
Project("{8BC9CEB8-8B4A-11D0-8D11-00A0C91BC942}") = "gmtool", "eressea\gmtool.vc8.vcproj", "{57BA2AEE-5C65-4839-9294-C0FA2915A06C}"
	ProjectSection(ProjectDependencies) = postProject
		{C14E3D2B-8189-4570-A4E3-9010C873E4FD} = {C14E3D2B-8189-4570-A4E3-9010C873E4FD}
		{C14E3D2B-8189-4570-A4E3-9010C873E4FD} = {C14E3D2B-8189-4570-A4E3-9010C873E4FD}
		{EF495253-2EEC-4F83-B6C0-D651F88B2198} = {EF495253-2EEC-4F83-B6C0-D651F88B2198}
		{EF495253-2EEC-4F83-B6C0-D651F88B2198} = {EF495253-2EEC-4F83-B6C0-D651F88B2198}
		{1D80D05F-BCF5-4971-8F06-D9581FD3B1F4} = {1D80D05F-BCF5-4971-8F06-D9581FD3B1F4}
		{1D80D05F-BCF5-4971-8F06-D9581FD3B1F4} = {1D80D05F-BCF5-4971-8F06-D9581FD3B1F4}
		{601CF164-F483-4DE7-8014-64BDD30680B5} = {601CF164-F483-4DE7-8014-64BDD30680B5}
		{601CF164-F483-4DE7-8014-64BDD30680B5} = {601CF164-F483-4DE7-8014-64BDD30680B5}
		{EDB0DE67-8215-4AF7-ACA1-F23CB11FF211} = {EDB0DE67-8215-4AF7-ACA1-F23CB11FF211}
		{EDB0DE67-8215-4AF7-ACA1-F23CB11FF211} = {EDB0DE67-8215-4AF7-ACA1-F23CB11FF211}
		{0EE778AB-8445-40DB-8F65-6BE378A91B97} = {0EE778AB-8445-40DB-8F65-6BE378A91B97}
		{0EE778AB-8445-40DB-8F65-6BE378A91B97} = {0EE778AB-8445-40DB-8F65-6BE378A91B97}
		{330712B5-8B27-4B17-B3CF-7A02CC0F93C3} = {330712B5-8B27-4B17-B3CF-7A02CC0F93C3}
		{330712B5-8B27-4B17-B3CF-7A02CC0F93C3} = {330712B5-8B27-4B17-B3CF-7A02CC0F93C3}
		{4C837BEC-A428-4287-84B3-8F8F9DE7FA00} = {4C837BEC-A428-4287-84B3-8F8F9DE7FA00}
		{4C837BEC-A428-4287-84B3-8F8F9DE7FA00} = {4C837BEC-A428-4287-84B3-8F8F9DE7FA00}
	EndProjectSection
EndProject
Global
	GlobalSection(SolutionConfigurationPlatforms) = preSolution
		Debug|Win32 = Debug|Win32
		Debug64|Win32 = Debug64|Win32
		Profile|Win32 = Profile|Win32
		Release|Win32 = Release|Win32
		Release64|Win32 = Release64|Win32
	EndGlobalSection
	GlobalSection(ProjectConfigurationPlatforms) = postSolution
		{330712B5-8B27-4B17-B3CF-7A02CC0F93C3}.Debug|Win32.ActiveCfg = Debug|Win32
		{330712B5-8B27-4B17-B3CF-7A02CC0F93C3}.Debug|Win32.Build.0 = Debug|Win32
		{330712B5-8B27-4B17-B3CF-7A02CC0F93C3}.Debug64|Win32.ActiveCfg = Debug|Win32
		{330712B5-8B27-4B17-B3CF-7A02CC0F93C3}.Debug64|Win32.Build.0 = Debug|Win32
		{330712B5-8B27-4B17-B3CF-7A02CC0F93C3}.Profile|Win32.ActiveCfg = Profile|Win32
		{330712B5-8B27-4B17-B3CF-7A02CC0F93C3}.Profile|Win32.Build.0 = Profile|Win32
		{330712B5-8B27-4B17-B3CF-7A02CC0F93C3}.Release|Win32.ActiveCfg = Release|Win32
		{330712B5-8B27-4B17-B3CF-7A02CC0F93C3}.Release|Win32.Build.0 = Release|Win32
		{330712B5-8B27-4B17-B3CF-7A02CC0F93C3}.Release64|Win32.ActiveCfg = Release|Win32
		{330712B5-8B27-4B17-B3CF-7A02CC0F93C3}.Release64|Win32.Build.0 = Release|Win32
		{B859D542-781E-4647-BCAB-3FE5ED077366}.Debug|Win32.ActiveCfg = Debug|Win32
		{B859D542-781E-4647-BCAB-3FE5ED077366}.Debug|Win32.Build.0 = Debug|Win32
		{B859D542-781E-4647-BCAB-3FE5ED077366}.Debug64|Win32.ActiveCfg = Debug|Win32
		{B859D542-781E-4647-BCAB-3FE5ED077366}.Profile|Win32.ActiveCfg = Profile|Win32
		{B859D542-781E-4647-BCAB-3FE5ED077366}.Release|Win32.ActiveCfg = Release|Win32
		{B859D542-781E-4647-BCAB-3FE5ED077366}.Release|Win32.Build.0 = Release|Win32
		{B859D542-781E-4647-BCAB-3FE5ED077366}.Release64|Win32.ActiveCfg = Release|Win32
		{79659D44-EC28-42B9-9475-6C0D62D0AAE0}.Debug|Win32.ActiveCfg = Debug|Win32
		{79659D44-EC28-42B9-9475-6C0D62D0AAE0}.Debug|Win32.Build.0 = Debug|Win32
		{79659D44-EC28-42B9-9475-6C0D62D0AAE0}.Debug64|Win32.ActiveCfg = Debug|Win32
		{79659D44-EC28-42B9-9475-6C0D62D0AAE0}.Debug64|Win32.Build.0 = Debug|Win32
		{79659D44-EC28-42B9-9475-6C0D62D0AAE0}.Profile|Win32.ActiveCfg = Profile|Win32
		{79659D44-EC28-42B9-9475-6C0D62D0AAE0}.Profile|Win32.Build.0 = Profile|Win32
		{79659D44-EC28-42B9-9475-6C0D62D0AAE0}.Release|Win32.ActiveCfg = Release|Win32
		{79659D44-EC28-42B9-9475-6C0D62D0AAE0}.Release|Win32.Build.0 = Release|Win32
		{79659D44-EC28-42B9-9475-6C0D62D0AAE0}.Release64|Win32.ActiveCfg = Release|Win32
		{79659D44-EC28-42B9-9475-6C0D62D0AAE0}.Release64|Win32.Build.0 = Release|Win32
		{C14E3D2B-8189-4570-A4E3-9010C873E4FD}.Debug|Win32.ActiveCfg = Debug|Win32
		{C14E3D2B-8189-4570-A4E3-9010C873E4FD}.Debug|Win32.Build.0 = Debug|Win32
		{C14E3D2B-8189-4570-A4E3-9010C873E4FD}.Debug64|Win32.ActiveCfg = Debug|Win32
		{C14E3D2B-8189-4570-A4E3-9010C873E4FD}.Debug64|Win32.Build.0 = Debug|Win32
		{C14E3D2B-8189-4570-A4E3-9010C873E4FD}.Profile|Win32.ActiveCfg = Profile|Win32
		{C14E3D2B-8189-4570-A4E3-9010C873E4FD}.Profile|Win32.Build.0 = Profile|Win32
		{C14E3D2B-8189-4570-A4E3-9010C873E4FD}.Release|Win32.ActiveCfg = Release|Win32
		{C14E3D2B-8189-4570-A4E3-9010C873E4FD}.Release|Win32.Build.0 = Release|Win32
		{C14E3D2B-8189-4570-A4E3-9010C873E4FD}.Release64|Win32.ActiveCfg = Release|Win32
		{C14E3D2B-8189-4570-A4E3-9010C873E4FD}.Release64|Win32.Build.0 = Release|Win32
		{EDB0DE67-8215-4AF7-ACA1-F23CB11FF211}.Debug|Win32.ActiveCfg = Debug|Win32
		{EDB0DE67-8215-4AF7-ACA1-F23CB11FF211}.Debug|Win32.Build.0 = Debug|Win32
		{EDB0DE67-8215-4AF7-ACA1-F23CB11FF211}.Debug64|Win32.ActiveCfg = Debug|Win32
		{EDB0DE67-8215-4AF7-ACA1-F23CB11FF211}.Debug64|Win32.Build.0 = Debug|Win32
		{EDB0DE67-8215-4AF7-ACA1-F23CB11FF211}.Profile|Win32.ActiveCfg = Profile|Win32
		{EDB0DE67-8215-4AF7-ACA1-F23CB11FF211}.Profile|Win32.Build.0 = Profile|Win32
		{EDB0DE67-8215-4AF7-ACA1-F23CB11FF211}.Release|Win32.ActiveCfg = Release|Win32
		{EDB0DE67-8215-4AF7-ACA1-F23CB11FF211}.Release|Win32.Build.0 = Release|Win32
		{EDB0DE67-8215-4AF7-ACA1-F23CB11FF211}.Release64|Win32.ActiveCfg = Release|Win32
		{EDB0DE67-8215-4AF7-ACA1-F23CB11FF211}.Release64|Win32.Build.0 = Release|Win32
		{601CF164-F483-4DE7-8014-64BDD30680B5}.Debug|Win32.ActiveCfg = Debug|Win32
		{601CF164-F483-4DE7-8014-64BDD30680B5}.Debug|Win32.Build.0 = Debug|Win32
		{601CF164-F483-4DE7-8014-64BDD30680B5}.Debug64|Win32.ActiveCfg = Debug|Win32
		{601CF164-F483-4DE7-8014-64BDD30680B5}.Debug64|Win32.Build.0 = Debug|Win32
		{601CF164-F483-4DE7-8014-64BDD30680B5}.Profile|Win32.ActiveCfg = Profile|Win32
		{601CF164-F483-4DE7-8014-64BDD30680B5}.Profile|Win32.Build.0 = Profile|Win32
		{601CF164-F483-4DE7-8014-64BDD30680B5}.Release|Win32.ActiveCfg = Release|Win32
		{601CF164-F483-4DE7-8014-64BDD30680B5}.Release|Win32.Build.0 = Release|Win32
		{601CF164-F483-4DE7-8014-64BDD30680B5}.Release64|Win32.ActiveCfg = Release|Win32
		{601CF164-F483-4DE7-8014-64BDD30680B5}.Release64|Win32.Build.0 = Release|Win32
		{4C837BEC-A428-4287-84B3-8F8F9DE7FA00}.Debug|Win32.ActiveCfg = Debug|Win32
		{4C837BEC-A428-4287-84B3-8F8F9DE7FA00}.Debug|Win32.Build.0 = Debug|Win32
		{4C837BEC-A428-4287-84B3-8F8F9DE7FA00}.Debug64|Win32.ActiveCfg = Debug|Win32
		{4C837BEC-A428-4287-84B3-8F8F9DE7FA00}.Debug64|Win32.Build.0 = Debug|Win32
		{4C837BEC-A428-4287-84B3-8F8F9DE7FA00}.Profile|Win32.ActiveCfg = Profile|Win32
		{4C837BEC-A428-4287-84B3-8F8F9DE7FA00}.Profile|Win32.Build.0 = Profile|Win32
		{4C837BEC-A428-4287-84B3-8F8F9DE7FA00}.Release|Win32.ActiveCfg = Release|Win32
		{4C837BEC-A428-4287-84B3-8F8F9DE7FA00}.Release|Win32.Build.0 = Release|Win32
		{4C837BEC-A428-4287-84B3-8F8F9DE7FA00}.Release64|Win32.ActiveCfg = Release|Win32
		{4C837BEC-A428-4287-84B3-8F8F9DE7FA00}.Release64|Win32.Build.0 = Release|Win32
		{0EE778AB-8445-40DB-8F65-6BE378A91B97}.Debug|Win32.ActiveCfg = Debug|Win32
		{0EE778AB-8445-40DB-8F65-6BE378A91B97}.Debug|Win32.Build.0 = Debug|Win32
		{0EE778AB-8445-40DB-8F65-6BE378A91B97}.Debug64|Win32.ActiveCfg = Debug|Win32
		{0EE778AB-8445-40DB-8F65-6BE378A91B97}.Debug64|Win32.Build.0 = Debug|Win32
		{0EE778AB-8445-40DB-8F65-6BE378A91B97}.Profile|Win32.ActiveCfg = Profile|Win32
		{0EE778AB-8445-40DB-8F65-6BE378A91B97}.Profile|Win32.Build.0 = Profile|Win32
		{0EE778AB-8445-40DB-8F65-6BE378A91B97}.Release|Win32.ActiveCfg = Release|Win32
		{0EE778AB-8445-40DB-8F65-6BE378A91B97}.Release|Win32.Build.0 = Release|Win32
		{0EE778AB-8445-40DB-8F65-6BE378A91B97}.Release64|Win32.ActiveCfg = Release|Win32
		{0EE778AB-8445-40DB-8F65-6BE378A91B97}.Release64|Win32.Build.0 = Release|Win32
		{EF495253-2EEC-4F83-B6C0-D651F88B2198}.Debug|Win32.ActiveCfg = Debug|Win32
		{EF495253-2EEC-4F83-B6C0-D651F88B2198}.Debug|Win32.Build.0 = Debug|Win32
		{EF495253-2EEC-4F83-B6C0-D651F88B2198}.Debug64|Win32.ActiveCfg = Debug|Win32
		{EF495253-2EEC-4F83-B6C0-D651F88B2198}.Debug64|Win32.Build.0 = Debug|Win32
		{EF495253-2EEC-4F83-B6C0-D651F88B2198}.Profile|Win32.ActiveCfg = Profile|Win32
		{EF495253-2EEC-4F83-B6C0-D651F88B2198}.Profile|Win32.Build.0 = Profile|Win32
		{EF495253-2EEC-4F83-B6C0-D651F88B2198}.Release|Win32.ActiveCfg = Release|Win32
		{EF495253-2EEC-4F83-B6C0-D651F88B2198}.Release|Win32.Build.0 = Release|Win32
		{EF495253-2EEC-4F83-B6C0-D651F88B2198}.Release64|Win32.ActiveCfg = Release|Win32
		{EF495253-2EEC-4F83-B6C0-D651F88B2198}.Release64|Win32.Build.0 = Release|Win32
		{1D80D05F-BCF5-4971-8F06-D9581FD3B1F4}.Debug|Win32.ActiveCfg = Debug|Win32
		{1D80D05F-BCF5-4971-8F06-D9581FD3B1F4}.Debug|Win32.Build.0 = Debug|Win32
		{1D80D05F-BCF5-4971-8F06-D9581FD3B1F4}.Debug64|Win32.ActiveCfg = Debug|Win32
		{1D80D05F-BCF5-4971-8F06-D9581FD3B1F4}.Debug64|Win32.Build.0 = Debug|Win32
		{1D80D05F-BCF5-4971-8F06-D9581FD3B1F4}.Profile|Win32.ActiveCfg = Profile|Win32
		{1D80D05F-BCF5-4971-8F06-D9581FD3B1F4}.Profile|Win32.Build.0 = Profile|Win32
		{1D80D05F-BCF5-4971-8F06-D9581FD3B1F4}.Release|Win32.ActiveCfg = Release|Win32
		{1D80D05F-BCF5-4971-8F06-D9581FD3B1F4}.Release|Win32.Build.0 = Release|Win32
		{1D80D05F-BCF5-4971-8F06-D9581FD3B1F4}.Release64|Win32.ActiveCfg = Release|Win32
		{1D80D05F-BCF5-4971-8F06-D9581FD3B1F4}.Release64|Win32.Build.0 = Release|Win32
		{749A2F7C-B9C3-4CEB-B1B2-1D4587E68719}.Debug|Win32.ActiveCfg = Debug|Win32
		{749A2F7C-B9C3-4CEB-B1B2-1D4587E68719}.Debug|Win32.Build.0 = Debug|Win32
		{749A2F7C-B9C3-4CEB-B1B2-1D4587E68719}.Debug64|Win32.ActiveCfg = Debug|Win32
		{749A2F7C-B9C3-4CEB-B1B2-1D4587E68719}.Debug64|Win32.Build.0 = Debug|Win32
		{749A2F7C-B9C3-4CEB-B1B2-1D4587E68719}.Profile|Win32.ActiveCfg = Profile|Win32
		{749A2F7C-B9C3-4CEB-B1B2-1D4587E68719}.Profile|Win32.Build.0 = Profile|Win32
		{749A2F7C-B9C3-4CEB-B1B2-1D4587E68719}.Release|Win32.ActiveCfg = Release|Win32
		{749A2F7C-B9C3-4CEB-B1B2-1D4587E68719}.Release|Win32.Build.0 = Release|Win32
		{749A2F7C-B9C3-4CEB-B1B2-1D4587E68719}.Release64|Win32.ActiveCfg = Release|Win32
		{749A2F7C-B9C3-4CEB-B1B2-1D4587E68719}.Release64|Win32.Build.0 = Release|Win32
		{57BA2AEE-5C65-4839-9294-C0FA2915A06C}.Debug|Win32.ActiveCfg = Debug|Win32
		{57BA2AEE-5C65-4839-9294-C0FA2915A06C}.Debug|Win32.Build.0 = Debug|Win32
		{57BA2AEE-5C65-4839-9294-C0FA2915A06C}.Debug64|Win32.ActiveCfg = Debug|Win32
		{57BA2AEE-5C65-4839-9294-C0FA2915A06C}.Debug64|Win32.Build.0 = Debug|Win32
		{57BA2AEE-5C65-4839-9294-C0FA2915A06C}.Profile|Win32.ActiveCfg = Profile|Win32
		{57BA2AEE-5C65-4839-9294-C0FA2915A06C}.Profile|Win32.Build.0 = Profile|Win32
		{57BA2AEE-5C65-4839-9294-C0FA2915A06C}.Release|Win32.ActiveCfg = Release|Win32
		{57BA2AEE-5C65-4839-9294-C0FA2915A06C}.Release|Win32.Build.0 = Release|Win32
		{57BA2AEE-5C65-4839-9294-C0FA2915A06C}.Release64|Win32.ActiveCfg = Release|Win32
		{57BA2AEE-5C65-4839-9294-C0FA2915A06C}.Release64|Win32.Build.0 = Release|Win32
	EndGlobalSection
	GlobalSection(SolutionProperties) = preSolution
		HideSolutionNode = FALSE
	EndGlobalSection
EndGlobal
