Microsoft Visual Studio Solution File, Format Version 7.00
Project("{8BC9CEB8-8B4A-11D0-8D11-00A0C91BC942}") = "attributes", "common\attributes\attributes.vcproj", "{D5C518FE-0CDE-456F-94B8-E5898334C282}"
EndProject
Project("{8BC9CEB8-8B4A-11D0-8D11-00A0C91BC942}") = "eressea", "eressea\eressea.vcproj", "{5CC7ED12-F35B-462E-ADD8-199A069B26BF}"
EndProject
Project("{8BC9CEB8-8B4A-11D0-8D11-00A0C91BC942}") = "gamecode", "common\gamecode\gamecode.vcproj", "{3653BF42-41B1-47F9-B39E-57FF0ED436D0}"
EndProject
Project("{8BC9CEB8-8B4A-11D0-8D11-00A0C91BC942}") = "items", "common\items\items.vcproj", "{F7FD2D27-F01A-4321-89CA-0833AEB496A2}"
EndProject
Project("{8BC9CEB8-8B4A-11D0-8D11-00A0C91BC942}") = "kernel", "common\kernel\kernel.vcproj", "{34F6F559-D823-4FB5-8A27-6B501D08266E}"
EndProject
Project("{8BC9CEB8-8B4A-11D0-8D11-00A0C91BC942}") = "mapper", "mapper\mapper.vcproj", "{5ACC858D-1C75-47C6-9D32-5FFA86EFDE1C}"
EndProject
Project("{8BC9CEB8-8B4A-11D0-8D11-00A0C91BC942}") = "modules", "common\modules\modules.vcproj", "{36ED8F09-B031-4518-8EE9-AD0DEE7CDA8C}"
EndProject
Project("{8BC9CEB8-8B4A-11D0-8D11-00A0C91BC942}") = "races", "common\races\races.vcproj", "{DB06B030-3D63-47B7-8A76-D2B87B73D97C}"
EndProject
Project("{8BC9CEB8-8B4A-11D0-8D11-00A0C91BC942}") = "spells", "common\spells\spells.vcproj", "{EB295D94-78C0-48DB-AD68-4D0D7275399A}"
EndProject
Project("{8BC9CEB8-8B4A-11D0-8D11-00A0C91BC942}") = "triggers", "common\triggers\triggers.vcproj", "{6CDDC02C-599F-42F2-A377-CFDAB17BD638}"
EndProject
Project("{8BC9CEB8-8B4A-11D0-8D11-00A0C91BC942}") = "util", "common\util\util.vcproj", "{9B8FDC41-3B77-4452-A4C3-9D35EFDF25B7}"
EndProject
Global
	GlobalSection(SolutionConfiguration) = preSolution
		ConfigName.0 = Debug
		ConfigName.1 = Profile
		ConfigName.2 = Release
	EndGlobalSection
	GlobalSection(ProjectDependencies) = postSolution
		{5CC7ED12-F35B-462E-ADD8-199A069B26BF}.0 = {34F6F559-D823-4FB5-8A27-6B501D08266E}
		{5CC7ED12-F35B-462E-ADD8-199A069B26BF}.1 = {9B8FDC41-3B77-4452-A4C3-9D35EFDF25B7}
		{5CC7ED12-F35B-462E-ADD8-199A069B26BF}.2 = {3653BF42-41B1-47F9-B39E-57FF0ED436D0}
		{5CC7ED12-F35B-462E-ADD8-199A069B26BF}.3 = {D5C518FE-0CDE-456F-94B8-E5898334C282}
		{5CC7ED12-F35B-462E-ADD8-199A069B26BF}.4 = {F7FD2D27-F01A-4321-89CA-0833AEB496A2}
		{5CC7ED12-F35B-462E-ADD8-199A069B26BF}.5 = {36ED8F09-B031-4518-8EE9-AD0DEE7CDA8C}
		{5CC7ED12-F35B-462E-ADD8-199A069B26BF}.6 = {DB06B030-3D63-47B7-8A76-D2B87B73D97C}
		{5CC7ED12-F35B-462E-ADD8-199A069B26BF}.7 = {EB295D94-78C0-48DB-AD68-4D0D7275399A}
		{5CC7ED12-F35B-462E-ADD8-199A069B26BF}.8 = {6CDDC02C-599F-42F2-A377-CFDAB17BD638}
		{5ACC858D-1C75-47C6-9D32-5FFA86EFDE1C}.0 = {6CDDC02C-599F-42F2-A377-CFDAB17BD638}
		{5ACC858D-1C75-47C6-9D32-5FFA86EFDE1C}.1 = {9B8FDC41-3B77-4452-A4C3-9D35EFDF25B7}
		{5ACC858D-1C75-47C6-9D32-5FFA86EFDE1C}.2 = {34F6F559-D823-4FB5-8A27-6B501D08266E}
		{5ACC858D-1C75-47C6-9D32-5FFA86EFDE1C}.3 = {D5C518FE-0CDE-456F-94B8-E5898334C282}
		{5ACC858D-1C75-47C6-9D32-5FFA86EFDE1C}.4 = {F7FD2D27-F01A-4321-89CA-0833AEB496A2}
		{5ACC858D-1C75-47C6-9D32-5FFA86EFDE1C}.5 = {36ED8F09-B031-4518-8EE9-AD0DEE7CDA8C}
		{5ACC858D-1C75-47C6-9D32-5FFA86EFDE1C}.6 = {DB06B030-3D63-47B7-8A76-D2B87B73D97C}
		{5ACC858D-1C75-47C6-9D32-5FFA86EFDE1C}.7 = {EB295D94-78C0-48DB-AD68-4D0D7275399A}
	EndGlobalSection
	GlobalSection(ProjectConfiguration) = postSolution
		{D5C518FE-0CDE-456F-94B8-E5898334C282}.Debug.ActiveCfg = Debug|Win32
		{D5C518FE-0CDE-456F-94B8-E5898334C282}.Debug.Build.0 = Debug|Win32
		{D5C518FE-0CDE-456F-94B8-E5898334C282}.Profile.ActiveCfg = Release|Win32
		{D5C518FE-0CDE-456F-94B8-E5898334C282}.Profile.Build.0 = Release|Win32
		{D5C518FE-0CDE-456F-94B8-E5898334C282}.Release.ActiveCfg = Release|Win32
		{D5C518FE-0CDE-456F-94B8-E5898334C282}.Release.Build.0 = Release|Win32
		{5CC7ED12-F35B-462E-ADD8-199A069B26BF}.Debug.ActiveCfg = Debug|Win32
		{5CC7ED12-F35B-462E-ADD8-199A069B26BF}.Debug.Build.0 = Debug|Win32
		{5CC7ED12-F35B-462E-ADD8-199A069B26BF}.Profile.ActiveCfg = Profile|Win32
		{5CC7ED12-F35B-462E-ADD8-199A069B26BF}.Profile.Build.0 = Profile|Win32
		{5CC7ED12-F35B-462E-ADD8-199A069B26BF}.Release.ActiveCfg = Release|Win32
		{5CC7ED12-F35B-462E-ADD8-199A069B26BF}.Release.Build.0 = Release|Win32
		{3653BF42-41B1-47F9-B39E-57FF0ED436D0}.Debug.ActiveCfg = Debug|Win32
		{3653BF42-41B1-47F9-B39E-57FF0ED436D0}.Debug.Build.0 = Debug|Win32
		{3653BF42-41B1-47F9-B39E-57FF0ED436D0}.Profile.ActiveCfg = Profile|Win32
		{3653BF42-41B1-47F9-B39E-57FF0ED436D0}.Profile.Build.0 = Profile|Win32
		{3653BF42-41B1-47F9-B39E-57FF0ED436D0}.Release.ActiveCfg = Release|Win32
		{3653BF42-41B1-47F9-B39E-57FF0ED436D0}.Release.Build.0 = Release|Win32
		{F7FD2D27-F01A-4321-89CA-0833AEB496A2}.Debug.ActiveCfg = Debug|Win32
		{F7FD2D27-F01A-4321-89CA-0833AEB496A2}.Debug.Build.0 = Debug|Win32
		{F7FD2D27-F01A-4321-89CA-0833AEB496A2}.Profile.ActiveCfg = Debug|Win32
		{F7FD2D27-F01A-4321-89CA-0833AEB496A2}.Profile.Build.0 = Debug|Win32
		{F7FD2D27-F01A-4321-89CA-0833AEB496A2}.Release.ActiveCfg = Release|Win32
		{F7FD2D27-F01A-4321-89CA-0833AEB496A2}.Release.Build.0 = Release|Win32
		{34F6F559-D823-4FB5-8A27-6B501D08266E}.Debug.ActiveCfg = Debug|Win32
		{34F6F559-D823-4FB5-8A27-6B501D08266E}.Debug.Build.0 = Debug|Win32
		{34F6F559-D823-4FB5-8A27-6B501D08266E}.Profile.ActiveCfg = Profile|Win32
		{34F6F559-D823-4FB5-8A27-6B501D08266E}.Profile.Build.0 = Profile|Win32
		{34F6F559-D823-4FB5-8A27-6B501D08266E}.Release.ActiveCfg = Release|Win32
		{34F6F559-D823-4FB5-8A27-6B501D08266E}.Release.Build.0 = Release|Win32
		{5ACC858D-1C75-47C6-9D32-5FFA86EFDE1C}.Debug.ActiveCfg = Debug|Win32
		{5ACC858D-1C75-47C6-9D32-5FFA86EFDE1C}.Profile.ActiveCfg = Debug|Win32
		{5ACC858D-1C75-47C6-9D32-5FFA86EFDE1C}.Profile.Build.0 = Debug|Win32
		{5ACC858D-1C75-47C6-9D32-5FFA86EFDE1C}.Release.ActiveCfg = Release|Win32
		{5ACC858D-1C75-47C6-9D32-5FFA86EFDE1C}.Release.Build.0 = Release|Win32
		{36ED8F09-B031-4518-8EE9-AD0DEE7CDA8C}.Debug.ActiveCfg = Debug|Win32
		{36ED8F09-B031-4518-8EE9-AD0DEE7CDA8C}.Debug.Build.0 = Debug|Win32
		{36ED8F09-B031-4518-8EE9-AD0DEE7CDA8C}.Profile.ActiveCfg = Release|Win32
		{36ED8F09-B031-4518-8EE9-AD0DEE7CDA8C}.Profile.Build.0 = Release|Win32
		{36ED8F09-B031-4518-8EE9-AD0DEE7CDA8C}.Release.ActiveCfg = Release|Win32
		{36ED8F09-B031-4518-8EE9-AD0DEE7CDA8C}.Release.Build.0 = Release|Win32
		{DB06B030-3D63-47B7-8A76-D2B87B73D97C}.Debug.ActiveCfg = Debug|Win32
		{DB06B030-3D63-47B7-8A76-D2B87B73D97C}.Debug.Build.0 = Debug|Win32
		{DB06B030-3D63-47B7-8A76-D2B87B73D97C}.Profile.ActiveCfg = Release|Win32
		{DB06B030-3D63-47B7-8A76-D2B87B73D97C}.Profile.Build.0 = Release|Win32
		{DB06B030-3D63-47B7-8A76-D2B87B73D97C}.Release.ActiveCfg = Release|Win32
		{DB06B030-3D63-47B7-8A76-D2B87B73D97C}.Release.Build.0 = Release|Win32
		{EB295D94-78C0-48DB-AD68-4D0D7275399A}.Debug.ActiveCfg = Debug|Win32
		{EB295D94-78C0-48DB-AD68-4D0D7275399A}.Debug.Build.0 = Debug|Win32
		{EB295D94-78C0-48DB-AD68-4D0D7275399A}.Profile.ActiveCfg = Debug|Win32
		{EB295D94-78C0-48DB-AD68-4D0D7275399A}.Profile.Build.0 = Debug|Win32
		{EB295D94-78C0-48DB-AD68-4D0D7275399A}.Release.ActiveCfg = Release|Win32
		{EB295D94-78C0-48DB-AD68-4D0D7275399A}.Release.Build.0 = Release|Win32
		{6CDDC02C-599F-42F2-A377-CFDAB17BD638}.Debug.ActiveCfg = Debug|Win32
		{6CDDC02C-599F-42F2-A377-CFDAB17BD638}.Debug.Build.0 = Debug|Win32
		{6CDDC02C-599F-42F2-A377-CFDAB17BD638}.Profile.ActiveCfg = Release|Win32
		{6CDDC02C-599F-42F2-A377-CFDAB17BD638}.Profile.Build.0 = Release|Win32
		{6CDDC02C-599F-42F2-A377-CFDAB17BD638}.Release.ActiveCfg = Release|Win32
		{6CDDC02C-599F-42F2-A377-CFDAB17BD638}.Release.Build.0 = Release|Win32
		{9B8FDC41-3B77-4452-A4C3-9D35EFDF25B7}.Debug.ActiveCfg = Debug|Win32
		{9B8FDC41-3B77-4452-A4C3-9D35EFDF25B7}.Debug.Build.0 = Debug|Win32
		{9B8FDC41-3B77-4452-A4C3-9D35EFDF25B7}.Profile.ActiveCfg = Profile|Win32
		{9B8FDC41-3B77-4452-A4C3-9D35EFDF25B7}.Profile.Build.0 = Profile|Win32
		{9B8FDC41-3B77-4452-A4C3-9D35EFDF25B7}.Release.ActiveCfg = Release|Win32
		{9B8FDC41-3B77-4452-A4C3-9D35EFDF25B7}.Release.Build.0 = Release|Win32
	EndGlobalSection
	GlobalSection(ExtensibilityGlobals) = postSolution
	EndGlobalSection
	GlobalSection(ExtensibilityAddIns) = postSolution
	EndGlobalSection
EndGlobal
