Microsoft Visual Studio Solution File, Format Version 9.00
# Visual Studio 2005
Project("{8BC9CEB8-8B4A-11D0-8D11-00A0C91BC942}") = "util", "common/util.vcproj", "{EB70234E-66CF-F144-A38A-0BAE30EF826C}"
	ProjectSection(ProjectDependencies) = postProject
	EndProjectSection
EndProject
Project("{8BC9CEB8-8B4A-11D0-8D11-00A0C91BC942}") = "kernel", "common/kernel.vcproj", "{63B8EE38-7BFC-5040-BB1E-402FADE42AAB}"
	ProjectSection(ProjectDependencies) = postProject
	EndProjectSection
EndProject
Project("{8BC9CEB8-8B4A-11D0-8D11-00A0C91BC942}") = "gamecode", "common/gamecode.vcproj", "{F020D830-7FE1-A140-A40F-F7BF0862F213}"
	ProjectSection(ProjectDependencies) = postProject
	EndProjectSection
EndProject
Project("{8BC9CEB8-8B4A-11D0-8D11-00A0C91BC942}") = "bindings", "eressea/lua/bindings.vcproj", "{9EFE5212-8341-D84F-B7FC-2F10C0622637}"
	ProjectSection(ProjectDependencies) = postProject
	EndProjectSection
EndProject
Project("{8BC9CEB8-8B4A-11D0-8D11-00A0C91BC942}") = "gmtool", "eressea/gmtool.vcproj", "{B1DBAFC8-38DC-BC45-A6F3-549F725A99A5}"
	ProjectSection(ProjectDependencies) = postProject
		{EB70234E-66CF-F144-A38A-0BAE30EF826C} = {EB70234E-66CF-F144-A38A-0BAE30EF826C}
		{63B8EE38-7BFC-5040-BB1E-402FADE42AAB} = {63B8EE38-7BFC-5040-BB1E-402FADE42AAB}
		{9EFE5212-8341-D84F-B7FC-2F10C0622637} = {9EFE5212-8341-D84F-B7FC-2F10C0622637}
	EndProjectSection
EndProject
Project("{8BC9CEB8-8B4A-11D0-8D11-00A0C91BC942}") = "eressea-lua", "eressea/eressea-lua.vcproj", "{4EABF610-0F79-C048-A66A-C0B898F40A68}"
	ProjectSection(ProjectDependencies) = postProject
		{EB70234E-66CF-F144-A38A-0BAE30EF826C} = {EB70234E-66CF-F144-A38A-0BAE30EF826C}
		{63B8EE38-7BFC-5040-BB1E-402FADE42AAB} = {63B8EE38-7BFC-5040-BB1E-402FADE42AAB}
		{F020D830-7FE1-A140-A40F-F7BF0862F213} = {F020D830-7FE1-A140-A40F-F7BF0862F213}
		{9EFE5212-8341-D84F-B7FC-2F10C0622637} = {9EFE5212-8341-D84F-B7FC-2F10C0622637}
	EndProjectSection
EndProject
Global
	GlobalSection(SolutionConfigurationPlatforms) = preSolution
		Debug|Win32 = Debug|Win32
		Profile|Win32 = Profile|Win32
		Release|Win32 = Release|Win32
	EndGlobalSection
	GlobalSection(ProjectConfigurationPlatforms) = postSolution
		{EB70234E-66CF-F144-A38A-0BAE30EF826C}.Debug|Win32.ActiveCfg = Debug|Win32
		{EB70234E-66CF-F144-A38A-0BAE30EF826C}.Debug|Win32.Build.0 = Debug|Win32
		{EB70234E-66CF-F144-A38A-0BAE30EF826C}.Profile|Win32.ActiveCfg = Profile|Win32
		{EB70234E-66CF-F144-A38A-0BAE30EF826C}.Profile|Win32.Build.0 = Profile|Win32
		{EB70234E-66CF-F144-A38A-0BAE30EF826C}.Release|Win32.ActiveCfg = Release|Win32
		{EB70234E-66CF-F144-A38A-0BAE30EF826C}.Release|Win32.Build.0 = Release|Win32
		{63B8EE38-7BFC-5040-BB1E-402FADE42AAB}.Debug|Win32.ActiveCfg = Debug|Win32
		{63B8EE38-7BFC-5040-BB1E-402FADE42AAB}.Debug|Win32.Build.0 = Debug|Win32
		{63B8EE38-7BFC-5040-BB1E-402FADE42AAB}.Profile|Win32.ActiveCfg = Profile|Win32
		{63B8EE38-7BFC-5040-BB1E-402FADE42AAB}.Profile|Win32.Build.0 = Profile|Win32
		{63B8EE38-7BFC-5040-BB1E-402FADE42AAB}.Release|Win32.ActiveCfg = Release|Win32
		{63B8EE38-7BFC-5040-BB1E-402FADE42AAB}.Release|Win32.Build.0 = Release|Win32
		{F020D830-7FE1-A140-A40F-F7BF0862F213}.Debug|Win32.ActiveCfg = Debug|Win32
		{F020D830-7FE1-A140-A40F-F7BF0862F213}.Debug|Win32.Build.0 = Debug|Win32
		{F020D830-7FE1-A140-A40F-F7BF0862F213}.Profile|Win32.ActiveCfg = Profile|Win32
		{F020D830-7FE1-A140-A40F-F7BF0862F213}.Profile|Win32.Build.0 = Profile|Win32
		{F020D830-7FE1-A140-A40F-F7BF0862F213}.Release|Win32.ActiveCfg = Release|Win32
		{F020D830-7FE1-A140-A40F-F7BF0862F213}.Release|Win32.Build.0 = Release|Win32
		{9EFE5212-8341-D84F-B7FC-2F10C0622637}.Debug|Win32.ActiveCfg = Debug|Win32
		{9EFE5212-8341-D84F-B7FC-2F10C0622637}.Debug|Win32.Build.0 = Debug|Win32
		{9EFE5212-8341-D84F-B7FC-2F10C0622637}.Profile|Win32.ActiveCfg = Profile|Win32
		{9EFE5212-8341-D84F-B7FC-2F10C0622637}.Profile|Win32.Build.0 = Profile|Win32
		{9EFE5212-8341-D84F-B7FC-2F10C0622637}.Release|Win32.ActiveCfg = Release|Win32
		{9EFE5212-8341-D84F-B7FC-2F10C0622637}.Release|Win32.Build.0 = Release|Win32
		{B1DBAFC8-38DC-BC45-A6F3-549F725A99A5}.Debug|Win32.ActiveCfg = Debug|Win32
		{B1DBAFC8-38DC-BC45-A6F3-549F725A99A5}.Debug|Win32.Build.0 = Debug|Win32
		{B1DBAFC8-38DC-BC45-A6F3-549F725A99A5}.Profile|Win32.ActiveCfg = Profile|Win32
		{B1DBAFC8-38DC-BC45-A6F3-549F725A99A5}.Profile|Win32.Build.0 = Profile|Win32
		{B1DBAFC8-38DC-BC45-A6F3-549F725A99A5}.Release|Win32.ActiveCfg = Release|Win32
		{B1DBAFC8-38DC-BC45-A6F3-549F725A99A5}.Release|Win32.Build.0 = Release|Win32
		{4EABF610-0F79-C048-A66A-C0B898F40A68}.Debug|Win32.ActiveCfg = Debug|Win32
		{4EABF610-0F79-C048-A66A-C0B898F40A68}.Debug|Win32.Build.0 = Debug|Win32
		{4EABF610-0F79-C048-A66A-C0B898F40A68}.Profile|Win32.ActiveCfg = Profile|Win32
		{4EABF610-0F79-C048-A66A-C0B898F40A68}.Profile|Win32.Build.0 = Profile|Win32
		{4EABF610-0F79-C048-A66A-C0B898F40A68}.Release|Win32.ActiveCfg = Release|Win32
		{4EABF610-0F79-C048-A66A-C0B898F40A68}.Release|Win32.Build.0 = Release|Win32
	EndGlobalSection
	GlobalSection(SolutionProperties) = preSolution
		HideSolutionNode = FALSE
	EndGlobalSection
EndGlobal
