<?xml version="1.0" encoding="utf-8"?>
<Project ToolsVersion="4.0" xmlns="http://schemas.microsoft.com/developer/msbuild/2003">
  <ItemGroup>
    <Filter Include="Source Files">
      <UniqueIdentifier>{d83e7c3e-0495-4145-86ea-a86b7d4d405b}</UniqueIdentifier>
      <Extensions>cpp;c;cc;cxx;def;odl;idl;hpj;bat;asm;asmx</Extensions>
    </Filter>
    <Filter Include="Header Files">
      <UniqueIdentifier>{7553a025-8a64-4b5a-90cb-a2eeae9190d3}</UniqueIdentifier>
      <Extensions>h;hpp;hxx;hm;inl;inc;xsd</Extensions>
    </Filter>
  </ItemGroup>
  <ItemGroup>
    <ClCompile Include="gamecode\archetype.c">
      <Filter>Source Files</Filter>
    </ClCompile>
    <ClCompile Include="gamecode\creation.c">
      <Filter>Source Files</Filter>
    </ClCompile>
    <ClCompile Include="gamecode\creport.c">
      <Filter>Source Files</Filter>
    </ClCompile>
    <ClCompile Include="gamecode\economy.c">
      <Filter>Source Files</Filter>
    </ClCompile>
    <ClCompile Include="eressea.c">
      <Filter>Source Files</Filter>
    </ClCompile>
    <ClCompile Include="gamecode\give.c">
      <Filter>Source Files</Filter>
    </ClCompile>
    <ClCompile Include="gmtool.c">
      <Filter>Source Files</Filter>
    </ClCompile>
    <ClCompile Include="gamecode\items.c">
      <Filter>Source Files</Filter>
    </ClCompile>
    <ClCompile Include="gamecode\laws.c">
      <Filter>Source Files</Filter>
    </ClCompile>
    <ClCompile Include="gamecode\laws_test.c">
      <Filter>Source Files</Filter>
    </ClCompile>
    <ClCompile Include="gamecode\market.c">
      <Filter>Source Files</Filter>
    </ClCompile>
    <ClCompile Include="gamecode\market_test.c">
      <Filter>Source Files</Filter>
    </ClCompile>
    <ClCompile Include="gamecode\monster.c">
      <Filter>Source Files</Filter>
    </ClCompile>
    <ClCompile Include="gamecode\randenc.c">
      <Filter>Source Files</Filter>
    </ClCompile>
    <ClCompile Include="gamecode\report.c">
      <Filter>Source Files</Filter>
    </ClCompile>
    <ClCompile Include="gamecode\spy.c">
      <Filter>Source Files</Filter>
    </ClCompile>
    <ClCompile Include="gamecode\study.c">
      <Filter>Source Files</Filter>
    </ClCompile>
    <ClCompile Include="gamecode\summary.c">
      <Filter>Source Files</Filter>
    </ClCompile>
  </ItemGroup>
  <ItemGroup>
    <ClInclude Include="gamecode\archetype.h">
      <Filter>Header Files</Filter>
    </ClInclude>
    <ClInclude Include="gamecode\creation.h">
      <Filter>Header Files</Filter>
    </ClInclude>
    <ClInclude Include="gamecode\creport.h">
      <Filter>Header Files</Filter>
    </ClInclude>
    <ClInclude Include="gamecode\economy.h">
      <Filter>Header Files</Filter>
    </ClInclude>
    <ClInclude Include="eressea.h">
      <Filter>Header Files</Filter>
    </ClInclude>
    <ClInclude Include="gamecode\give.h">
      <Filter>Header Files</Filter>
    </ClInclude>
    <ClInclude Include="gmtool.h">
      <Filter>Header Files</Filter>
    </ClInclude>
    <ClInclude Include="gmtool_structs.h">
      <Filter>Header Files</Filter>
    </ClInclude>
    <ClInclude Include="gamecode\items.h">
      <Filter>Header Files</Filter>
    </ClInclude>
    <ClInclude Include="gamecode\laws.h">
      <Filter>Header Files</Filter>
    </ClInclude>
    <ClInclude Include="gamecode\market.h">
      <Filter>Header Files</Filter>
    </ClInclude>
    <ClInclude Include="gamecode\monster.h">
      <Filter>Header Files</Filter>
    </ClInclude>
    <ClInclude Include="gamecode\randenc.h">
      <Filter>Header Files</Filter>
    </ClInclude>
    <ClInclude Include="gamecode\report.h">
      <Filter>Header Files</Filter>
    </ClInclude>
    <ClInclude Include="settings.h">
      <Filter>Header Files</Filter>
    </ClInclude>
    <ClInclude Include="gamecode\spy.h">
      <Filter>Header Files</Filter>
    </ClInclude>
    <ClInclude Include="gamecode\study.h">
      <Filter>Header Files</Filter>
    </ClInclude>
    <ClInclude Include="gamecode\summary.h">
      <Filter>Header Files</Filter>
    </ClInclude>
  </ItemGroup>
</Project>