<?xml version="1.0" encoding="utf-8"?>
<Project ToolsVersion="4.0" xmlns="http://schemas.microsoft.com/developer/msbuild/2003">
  <ItemGroup>
    <Filter Include="kernel">
      <UniqueIdentifier>{0d7b749c-a7f2-4791-b356-6ae450020131}</UniqueIdentifier>
    </Filter>
    <Filter Include="triggers">
      <UniqueIdentifier>{0ebbe376-a35f-44f6-97c6-9b449a839ddb}</UniqueIdentifier>
    </Filter>
    <Filter Include="items">
      <UniqueIdentifier>{0f293992-e32e-49fb-a5f2-74686b0d042e}</UniqueIdentifier>
    </Filter>
    <Filter Include="modules">
      <UniqueIdentifier>{e12969f3-9de3-4f65-812d-1e120875a15c}</UniqueIdentifier>
    </Filter>
    <Filter Include="attributes">
      <UniqueIdentifier>{c10dd4f8-3a6a-470b-8a04-bb652854e228}</UniqueIdentifier>
    </Filter>
  </ItemGroup>
  <ItemGroup>
    <ClCompile Include="kernel\alchemy.c">
      <Filter>kernel</Filter>
    </ClCompile>
    <ClCompile Include="kernel\alliance.c">
      <Filter>kernel</Filter>
    </ClCompile>
    <ClCompile Include="kernel\battle.c">
      <Filter>kernel</Filter>
    </ClCompile>
    <ClCompile Include="kernel\binarystore.c">
      <Filter>kernel</Filter>
    </ClCompile>
    <ClCompile Include="kernel\build.c">
      <Filter>kernel</Filter>
    </ClCompile>
    <ClCompile Include="kernel\building.c">
      <Filter>kernel</Filter>
    </ClCompile>
    <ClCompile Include="kernel\calendar.c">
      <Filter>kernel</Filter>
    </ClCompile>
    <ClCompile Include="kernel\command.c">
      <Filter>kernel</Filter>
    </ClCompile>
    <ClCompile Include="kernel\config.c">
      <Filter>kernel</Filter>
    </ClCompile>
    <ClCompile Include="kernel\connection.c">
      <Filter>kernel</Filter>
    </ClCompile>
    <ClCompile Include="kernel\curse.c">
      <Filter>kernel</Filter>
    </ClCompile>
    <ClCompile Include="kernel\equipment.c">
      <Filter>kernel</Filter>
    </ClCompile>
    <ClCompile Include="kernel\faction.c">
      <Filter>kernel</Filter>
    </ClCompile>
    <ClCompile Include="kernel\group.c">
      <Filter>kernel</Filter>
    </ClCompile>
    <ClCompile Include="kernel\item.c">
      <Filter>kernel</Filter>
    </ClCompile>
    <ClCompile Include="kernel\magic.c">
      <Filter>kernel</Filter>
    </ClCompile>
    <ClCompile Include="kernel\message.c">
      <Filter>kernel</Filter>
    </ClCompile>
    <ClCompile Include="kernel\move.c">
      <Filter>kernel</Filter>
    </ClCompile>
    <ClCompile Include="kernel\names.c">
      <Filter>kernel</Filter>
    </ClCompile>
    <ClCompile Include="kernel\order.c">
      <Filter>kernel</Filter>
    </ClCompile>
    <ClCompile Include="kernel\pathfinder.c">
      <Filter>kernel</Filter>
    </ClCompile>
    <ClCompile Include="kernel\plane.c">
      <Filter>kernel</Filter>
    </ClCompile>
    <ClCompile Include="kernel\player.c">
      <Filter>kernel</Filter>
    </ClCompile>
    <ClCompile Include="kernel\pool.c">
      <Filter>kernel</Filter>
    </ClCompile>
    <ClCompile Include="kernel\race.c">
      <Filter>kernel</Filter>
    </ClCompile>
    <ClCompile Include="kernel\region.c">
      <Filter>kernel</Filter>
    </ClCompile>
    <ClCompile Include="kernel\reports.c">
      <Filter>kernel</Filter>
    </ClCompile>
    <ClCompile Include="kernel\resources.c">
      <Filter>kernel</Filter>
    </ClCompile>
    <ClCompile Include="kernel\save.c">
      <Filter>kernel</Filter>
    </ClCompile>
    <ClCompile Include="kernel\ship.c">
      <Filter>kernel</Filter>
    </ClCompile>
    <ClCompile Include="kernel\skill.c">
      <Filter>kernel</Filter>
    </ClCompile>
    <ClCompile Include="kernel\spell.c">
      <Filter>kernel</Filter>
    </ClCompile>
    <ClCompile Include="kernel\sqlite.c">
      <Filter>kernel</Filter>
    </ClCompile>
    <ClCompile Include="kernel\teleport.c">
      <Filter>kernel</Filter>
    </ClCompile>
    <ClCompile Include="kernel\terrain.c">
      <Filter>kernel</Filter>
    </ClCompile>
    <ClCompile Include="kernel\textstore.c">
      <Filter>kernel</Filter>
    </ClCompile>
    <ClCompile Include="kernel\unit.c">
      <Filter>kernel</Filter>
    </ClCompile>
    <ClCompile Include="kernel\xmlreader.c">
      <Filter>kernel</Filter>
    </ClCompile>
    <ClCompile Include="triggers\changefaction.c">
      <Filter>triggers</Filter>
    </ClCompile>
    <ClCompile Include="triggers\changerace.c">
      <Filter>triggers</Filter>
    </ClCompile>
    <ClCompile Include="triggers\clonedied.c">
      <Filter>triggers</Filter>
    </ClCompile>
    <ClCompile Include="triggers\createcurse.c">
      <Filter>triggers</Filter>
    </ClCompile>
    <ClCompile Include="triggers\createunit.c">
      <Filter>triggers</Filter>
    </ClCompile>
    <ClCompile Include="triggers\gate.c">
      <Filter>triggers</Filter>
    </ClCompile>
    <ClCompile Include="triggers\giveitem.c">
      <Filter>triggers</Filter>
    </ClCompile>
    <ClCompile Include="triggers\killunit.c">
      <Filter>triggers</Filter>
    </ClCompile>
    <ClCompile Include="triggers\removecurse.c">
      <Filter>triggers</Filter>
    </ClCompile>
    <ClCompile Include="triggers\shock.c">
      <Filter>triggers</Filter>
    </ClCompile>
    <ClCompile Include="triggers\timeout.c">
      <Filter>triggers</Filter>
    </ClCompile>
    <ClCompile Include="triggers\triggers.c">
      <Filter>triggers</Filter>
    </ClCompile>
    <ClCompile Include="triggers\unguard.c">
      <Filter>triggers</Filter>
    </ClCompile>
    <ClCompile Include="triggers\unitmessage.c">
      <Filter>triggers</Filter>
    </ClCompile>
    <ClCompile Include="items\artrewards.c">
      <Filter>items</Filter>
    </ClCompile>
    <ClCompile Include="items\demonseye.c">
      <Filter>items</Filter>
    </ClCompile>
    <ClCompile Include="items\itemtypes.c">
      <Filter>items</Filter>
    </ClCompile>
    <ClCompile Include="items\phoenixcompass.c">
      <Filter>items</Filter>
    </ClCompile>
    <ClCompile Include="items\seed.c">
      <Filter>items</Filter>
    </ClCompile>
    <ClCompile Include="items\speedsail.c">
      <Filter>items</Filter>
    </ClCompile>
    <ClCompile Include="items\weapons.c">
      <Filter>items</Filter>
    </ClCompile>
    <ClCompile Include="items\xerewards.c">
      <Filter>items</Filter>
    </ClCompile>
    <ClCompile Include="modules\arena.c">
      <Filter>modules</Filter>
    </ClCompile>
    <ClCompile Include="modules\autoseed.c">
      <Filter>modules</Filter>
    </ClCompile>
    <ClCompile Include="modules\dungeon.c">
      <Filter>modules</Filter>
    </ClCompile>
    <ClCompile Include="modules\gmcmd.c">
      <Filter>modules</Filter>
    </ClCompile>
    <ClCompile Include="modules\museum.c">
      <Filter>modules</Filter>
    </ClCompile>
    <ClCompile Include="modules\oceannames.c">
      <Filter>modules</Filter>
    </ClCompile>
    <ClCompile Include="modules\score.c">
      <Filter>modules</Filter>
    </ClCompile>
    <ClCompile Include="modules\weather.c">
      <Filter>modules</Filter>
    </ClCompile>
    <ClCompile Include="modules\wormhole.c">
      <Filter>modules</Filter>
    </ClCompile>
    <ClCompile Include="modules\xecmd.c">
      <Filter>modules</Filter>
    </ClCompile>
    <ClCompile Include="modules\xmas.c">
      <Filter>modules</Filter>
    </ClCompile>
    <ClCompile Include="attributes\alliance.c">
      <Filter>attributes</Filter>
    </ClCompile>
    <ClCompile Include="attributes\attributes.c">
      <Filter>attributes</Filter>
    </ClCompile>
    <ClCompile Include="attributes\fleechance.c">
      <Filter>attributes</Filter>
    </ClCompile>
    <ClCompile Include="attributes\follow.c">
      <Filter>attributes</Filter>
    </ClCompile>
    <ClCompile Include="attributes\giveitem.c">
      <Filter>attributes</Filter>
    </ClCompile>
    <ClCompile Include="attributes\gm.c">
      <Filter>attributes</Filter>
    </ClCompile>
    <ClCompile Include="attributes\hate.c">
      <Filter>attributes</Filter>
    </ClCompile>
    <ClCompile Include="attributes\iceberg.c">
      <Filter>attributes</Filter>
    </ClCompile>
    <ClCompile Include="attributes\key.c">
      <Filter>attributes</Filter>
    </ClCompile>
    <ClCompile Include="attributes\matmod.c">
      <Filter>attributes</Filter>
    </ClCompile>
    <ClCompile Include="attributes\moved.c">
      <Filter>attributes</Filter>
    </ClCompile>
    <ClCompile Include="attributes\movement.c">
      <Filter>attributes</Filter>
    </ClCompile>
    <ClCompile Include="attributes\object.c">
      <Filter>attributes</Filter>
    </ClCompile>
    <ClCompile Include="attributes\orcification.c">
      <Filter>attributes</Filter>
    </ClCompile>
    <ClCompile Include="attributes\otherfaction.c">
      <Filter>attributes</Filter>
    </ClCompile>
    <ClCompile Include="attributes\overrideroads.c">
      <Filter>attributes</Filter>
    </ClCompile>
    <ClCompile Include="attributes\racename.c">
      <Filter>attributes</Filter>
    </ClCompile>
    <ClCompile Include="attributes\raceprefix.c">
      <Filter>attributes</Filter>
    </ClCompile>
    <ClCompile Include="attributes\reduceproduction.c">
      <Filter>attributes</Filter>
    </ClCompile>
    <ClCompile Include="attributes\targetregion.c">
      <Filter>attributes</Filter>
    </ClCompile>
    <ClCompile Include="attributes\viewrange.c">
      <Filter>attributes</Filter>
    </ClCompile>
    <ClCompile Include="kernel\curse_test.c" />
  </ItemGroup>
  <ItemGroup>
    <ClInclude Include="kernel\alchemy.h">
      <Filter>kernel</Filter>
    </ClInclude>
    <ClInclude Include="kernel\alliance.h">
      <Filter>kernel</Filter>
    </ClInclude>
    <ClInclude Include="kernel\battle.h">
      <Filter>kernel</Filter>
    </ClInclude>
    <ClInclude Include="kernel\binarystore.h">
      <Filter>kernel</Filter>
    </ClInclude>
    <ClInclude Include="kernel\build.h">
      <Filter>kernel</Filter>
    </ClInclude>
    <ClInclude Include="kernel\building.h">
      <Filter>kernel</Filter>
    </ClInclude>
    <ClInclude Include="kernel\calendar.h">
      <Filter>kernel</Filter>
    </ClInclude>
    <ClInclude Include="kernel\command.h">
      <Filter>kernel</Filter>
    </ClInclude>
    <ClInclude Include="kernel\config.h">
      <Filter>kernel</Filter>
    </ClInclude>
    <ClInclude Include="kernel\connection.h">
      <Filter>kernel</Filter>
    </ClInclude>
    <ClInclude Include="kernel\curse.h">
      <Filter>kernel</Filter>
    </ClInclude>
    <ClInclude Include="kernel\equipment.h">
      <Filter>kernel</Filter>
    </ClInclude>
    <ClInclude Include="kernel\faction.h">
      <Filter>kernel</Filter>
    </ClInclude>
    <ClInclude Include="kernel\group.h">
      <Filter>kernel</Filter>
    </ClInclude>
    <ClInclude Include="kernel\item.h">
      <Filter>kernel</Filter>
    </ClInclude>
    <ClInclude Include="kernel\magic.h">
      <Filter>kernel</Filter>
    </ClInclude>
    <ClInclude Include="kernel\message.h">
      <Filter>kernel</Filter>
    </ClInclude>
    <ClInclude Include="kernel\move.h">
      <Filter>kernel</Filter>
    </ClInclude>
    <ClInclude Include="kernel\names.h">
      <Filter>kernel</Filter>
    </ClInclude>
    <ClInclude Include="kernel\objtypes.h">
      <Filter>kernel</Filter>
    </ClInclude>
    <ClInclude Include="kernel\order.h">
      <Filter>kernel</Filter>
    </ClInclude>
    <ClInclude Include="kernel\pathfinder.h">
      <Filter>kernel</Filter>
    </ClInclude>
    <ClInclude Include="kernel\plane.h">
      <Filter>kernel</Filter>
    </ClInclude>
    <ClInclude Include="kernel\player.h">
      <Filter>kernel</Filter>
    </ClInclude>
    <ClInclude Include="kernel\pool.h">
      <Filter>kernel</Filter>
    </ClInclude>
    <ClInclude Include="kernel\race.h">
      <Filter>kernel</Filter>
    </ClInclude>
    <ClInclude Include="kernel\region.h">
      <Filter>kernel</Filter>
    </ClInclude>
    <ClInclude Include="kernel\render.h">
      <Filter>kernel</Filter>
    </ClInclude>
    <ClInclude Include="kernel\reports.h">
      <Filter>kernel</Filter>
    </ClInclude>
    <ClInclude Include="kernel\resources.h">
      <Filter>kernel</Filter>
    </ClInclude>
    <ClInclude Include="kernel\save.h">
      <Filter>kernel</Filter>
    </ClInclude>
    <ClInclude Include="kernel\ship.h">
      <Filter>kernel</Filter>
    </ClInclude>
    <ClInclude Include="kernel\skill.h">
      <Filter>kernel</Filter>
    </ClInclude>
    <ClInclude Include="kernel\spell.h">
      <Filter>kernel</Filter>
    </ClInclude>
    <ClInclude Include="kernel\spellid.h">
      <Filter>kernel</Filter>
    </ClInclude>
    <ClInclude Include="kernel\teleport.h">
      <Filter>kernel</Filter>
    </ClInclude>
    <ClInclude Include="kernel\terrain.h">
      <Filter>kernel</Filter>
    </ClInclude>
    <ClInclude Include="kernel\terrainid.h">
      <Filter>kernel</Filter>
    </ClInclude>
    <ClInclude Include="kernel\textstore.h">
      <Filter>kernel</Filter>
    </ClInclude>
    <ClInclude Include="kernel\types.h">
      <Filter>kernel</Filter>
    </ClInclude>
    <ClInclude Include="kernel\unit.h">
      <Filter>kernel</Filter>
    </ClInclude>
    <ClInclude Include="kernel\version.h">
      <Filter>kernel</Filter>
    </ClInclude>
    <ClInclude Include="kernel\xmlkernel.h">
      <Filter>kernel</Filter>
    </ClInclude>
    <ClInclude Include="kernel\xmlreader.h">
      <Filter>kernel</Filter>
    </ClInclude>
    <ClInclude Include="triggers\changefaction.h">
      <Filter>triggers</Filter>
    </ClInclude>
    <ClInclude Include="triggers\changerace.h">
      <Filter>triggers</Filter>
    </ClInclude>
    <ClInclude Include="triggers\clonedied.h">
      <Filter>triggers</Filter>
    </ClInclude>
    <ClInclude Include="triggers\createcurse.h">
      <Filter>triggers</Filter>
    </ClInclude>
    <ClInclude Include="triggers\createunit.h">
      <Filter>triggers</Filter>
    </ClInclude>
    <ClInclude Include="triggers\gate.h">
      <Filter>triggers</Filter>
    </ClInclude>
    <ClInclude Include="triggers\giveitem.h">
      <Filter>triggers</Filter>
    </ClInclude>
    <ClInclude Include="triggers\killunit.h">
      <Filter>triggers</Filter>
    </ClInclude>
    <ClInclude Include="triggers\removecurse.h">
      <Filter>triggers</Filter>
    </ClInclude>
    <ClInclude Include="triggers\shock.h">
      <Filter>triggers</Filter>
    </ClInclude>
    <ClInclude Include="triggers\timeout.h">
      <Filter>triggers</Filter>
    </ClInclude>
    <ClInclude Include="triggers\triggers.h">
      <Filter>triggers</Filter>
    </ClInclude>
    <ClInclude Include="triggers\unguard.h">
      <Filter>triggers</Filter>
    </ClInclude>
    <ClInclude Include="triggers\unitmessage.h">
      <Filter>triggers</Filter>
    </ClInclude>
    <ClInclude Include="items\artrewards.h">
      <Filter>items</Filter>
    </ClInclude>
    <ClInclude Include="items\demonseye.h">
      <Filter>items</Filter>
    </ClInclude>
    <ClInclude Include="items\itemtypes.h">
      <Filter>items</Filter>
    </ClInclude>
    <ClInclude Include="items\phoenixcompass.h">
      <Filter>items</Filter>
    </ClInclude>
    <ClInclude Include="items\seed.h">
      <Filter>items</Filter>
    </ClInclude>
    <ClInclude Include="items\speedsail.h">
      <Filter>items</Filter>
    </ClInclude>
    <ClInclude Include="items\weapons.h">
      <Filter>items</Filter>
    </ClInclude>
    <ClInclude Include="items\xerewards.h">
      <Filter>items</Filter>
    </ClInclude>
    <ClInclude Include="modules\arena.h">
      <Filter>modules</Filter>
    </ClInclude>
    <ClInclude Include="modules\autoseed.h">
      <Filter>modules</Filter>
    </ClInclude>
    <ClInclude Include="modules\dungeon.h">
      <Filter>modules</Filter>
    </ClInclude>
    <ClInclude Include="modules\gmcmd.h">
      <Filter>modules</Filter>
    </ClInclude>
    <ClInclude Include="modules\museum.h">
      <Filter>modules</Filter>
    </ClInclude>
    <ClInclude Include="modules\oceannames.h">
      <Filter>modules</Filter>
    </ClInclude>
    <ClInclude Include="modules\score.h">
      <Filter>modules</Filter>
    </ClInclude>
    <ClInclude Include="modules\weather.h">
      <Filter>modules</Filter>
    </ClInclude>
    <ClInclude Include="modules\wormhole.h">
      <Filter>modules</Filter>
    </ClInclude>
    <ClInclude Include="modules\xecmd.h">
      <Filter>modules</Filter>
    </ClInclude>
    <ClInclude Include="modules\xmas.h">
      <Filter>modules</Filter>
    </ClInclude>
    <ClInclude Include="attributes\aggressive.h">
      <Filter>attributes</Filter>
    </ClInclude>
    <ClInclude Include="attributes\alliance.h">
      <Filter>attributes</Filter>
    </ClInclude>
    <ClInclude Include="attributes\attributes.h">
      <Filter>attributes</Filter>
    </ClInclude>
    <ClInclude Include="attributes\fleechance.h">
      <Filter>attributes</Filter>
    </ClInclude>
    <ClInclude Include="attributes\follow.h">
      <Filter>attributes</Filter>
    </ClInclude>
    <ClInclude Include="attributes\giveitem.h">
      <Filter>attributes</Filter>
    </ClInclude>
    <ClInclude Include="attributes\gm.h">
      <Filter>attributes</Filter>
    </ClInclude>
    <ClInclude Include="attributes\hate.h">
      <Filter>attributes</Filter>
    </ClInclude>
    <ClInclude Include="attributes\iceberg.h">
      <Filter>attributes</Filter>
    </ClInclude>
    <ClInclude Include="attributes\key.h">
      <Filter>attributes</Filter>
    </ClInclude>
    <ClInclude Include="attributes\matmod.h">
      <Filter>attributes</Filter>
    </ClInclude>
    <ClInclude Include="attributes\moved.h">
      <Filter>attributes</Filter>
    </ClInclude>
    <ClInclude Include="attributes\movement.h">
      <Filter>attributes</Filter>
    </ClInclude>
    <ClInclude Include="attributes\object.h">
      <Filter>attributes</Filter>
    </ClInclude>
    <ClInclude Include="attributes\orcification.h">
      <Filter>attributes</Filter>
    </ClInclude>
    <ClInclude Include="attributes\otherfaction.h">
      <Filter>attributes</Filter>
    </ClInclude>
    <ClInclude Include="attributes\overrideroads.h">
      <Filter>attributes</Filter>
    </ClInclude>
    <ClInclude Include="attributes\racename.h">
      <Filter>attributes</Filter>
    </ClInclude>
    <ClInclude Include="attributes\raceprefix.h">
      <Filter>attributes</Filter>
    </ClInclude>
    <ClInclude Include="attributes\reduceproduction.h">
      <Filter>attributes</Filter>
    </ClInclude>
    <ClInclude Include="attributes\targetregion.h">
      <Filter>attributes</Filter>
    </ClInclude>
    <ClInclude Include="attributes\viewrange.h">
      <Filter>attributes</Filter>
    </ClInclude>
  </ItemGroup>
</Project>