<?xml version="1.0" encoding="utf-8"?>
<Project ToolsVersion="4.0" xmlns="http://schemas.microsoft.com/developer/msbuild/2003">
  <ItemGroup>
    <Filter Include="Header Files">
      <UniqueIdentifier>{93caffaa-508e-4e78-b1ba-5a8d6aa4ab9a}</UniqueIdentifier>
      <Extensions>h;hpp;hxx;hm;inl;inc;xsd</Extensions>
    </Filter>
    <Filter Include="Source Files">
      <UniqueIdentifier>{77dd9146-7564-475b-a364-b1610046b1bb}</UniqueIdentifier>
      <Extensions>cpp;c;cc;cxx;def;odl;idl;hpj;bat;asm;asmx</Extensions>
    </Filter>
  </ItemGroup>
  <ItemGroup>
    <ClInclude Include="util\attrib.h">
      <Filter>Header Files</Filter>
    </ClInclude>
    <ClInclude Include="util\base36.h">
      <Filter>Header Files</Filter>
    </ClInclude>
    <ClInclude Include="util\bsdstring.h">
      <Filter>Header Files</Filter>
    </ClInclude>
    <ClInclude Include="util\console.h">
      <Filter>Header Files</Filter>
    </ClInclude>
    <ClInclude Include="util\crmessage.h">
      <Filter>Header Files</Filter>
    </ClInclude>
    <ClInclude Include="util\event.h">
      <Filter>Header Files</Filter>
    </ClInclude>
    <ClInclude Include="util\eventbus.h">
      <Filter>Header Files</Filter>
    </ClInclude>
    <ClInclude Include="util\filereader.h">
      <Filter>Header Files</Filter>
    </ClInclude>
    <ClInclude Include="util\functions.h">
      <Filter>Header Files</Filter>
    </ClInclude>
    <ClInclude Include="util\goodies.h">
      <Filter>Header Files</Filter>
    </ClInclude>
    <ClInclude Include="util\language.h">
      <Filter>Header Files</Filter>
    </ClInclude>
    <ClInclude Include="util\language_struct.h">
      <Filter>Header Files</Filter>
    </ClInclude>
    <ClInclude Include="util\listbox.h">
      <Filter>Header Files</Filter>
    </ClInclude>
    <ClInclude Include="util\lists.h">
      <Filter>Header Files</Filter>
    </ClInclude>
    <ClInclude Include="util\log.h">
      <Filter>Header Files</Filter>
    </ClInclude>
    <ClInclude Include="util\message.h">
      <Filter>Header Files</Filter>
    </ClInclude>
    <ClInclude Include="util\nrmessage.h">
      <Filter>Header Files</Filter>
    </ClInclude>
    <ClInclude Include="util\nrmessage_struct.h">
      <Filter>Header Files</Filter>
    </ClInclude>
    <ClInclude Include="util\parser.h">
      <Filter>Header Files</Filter>
    </ClInclude>
    <ClInclude Include="util\rand.h">
      <Filter>Header Files</Filter>
    </ClInclude>
    <ClInclude Include="util\resolve.h">
      <Filter>Header Files</Filter>
    </ClInclude>
    <ClInclude Include="util\rng.h">
      <Filter>Header Files</Filter>
    </ClInclude>
    <ClInclude Include="util\sql.h">
      <Filter>Header Files</Filter>
    </ClInclude>
    <ClInclude Include="util\storage.h">
      <Filter>Header Files</Filter>
    </ClInclude>
    <ClInclude Include="util\translation.h">
      <Filter>Header Files</Filter>
    </ClInclude>
    <ClInclude Include="util\umlaut.h">
      <Filter>Header Files</Filter>
    </ClInclude>
    <ClInclude Include="util\unicode.h">
      <Filter>Header Files</Filter>
    </ClInclude>
    <ClInclude Include="util\variant.h">
      <Filter>Header Files</Filter>
    </ClInclude>
    <ClInclude Include="util\xml.h">
      <Filter>Header Files</Filter>
    </ClInclude>
    <ClInclude Include="util\quicklist.h">
      <Filter>Header Files</Filter>
    </ClInclude>
    <ClInclude Include="util\os.h">
      <Filter>Header Files</Filter>
    </ClInclude>
    <ClInclude Include="util\critbit.h">
      <Filter>Header Files</Filter>
    </ClInclude>
  </ItemGroup>
  <ItemGroup>
    <ClCompile Include="util\attrib.c">
      <Filter>Source Files</Filter>
    </ClCompile>
    <ClCompile Include="util\base36.c">
      <Filter>Source Files</Filter>
    </ClCompile>
    <ClCompile Include="util\base36_test.c">
      <Filter>Source Files</Filter>
    </ClCompile>
    <ClCompile Include="util\bsdstring.c">
      <Filter>Source Files</Filter>
    </ClCompile>
    <ClCompile Include="util\console.c">
      <Filter>Source Files</Filter>
    </ClCompile>
    <ClCompile Include="util\crmessage.c">
      <Filter>Source Files</Filter>
    </ClCompile>
    <ClCompile Include="util\dice.c">
      <Filter>Source Files</Filter>
    </ClCompile>
    <ClCompile Include="util\event.c">
      <Filter>Source Files</Filter>
    </ClCompile>
    <ClCompile Include="util\eventbus.c">
      <Filter>Source Files</Filter>
    </ClCompile>
    <ClCompile Include="util\filereader.c">
      <Filter>Source Files</Filter>
    </ClCompile>
    <ClCompile Include="util\functions.c">
      <Filter>Source Files</Filter>
    </ClCompile>
    <ClCompile Include="util\goodies.c">
      <Filter>Source Files</Filter>
    </ClCompile>
    <ClCompile Include="util\language.c">
      <Filter>Source Files</Filter>
    </ClCompile>
    <ClCompile Include="util\listbox.c">
      <Filter>Source Files</Filter>
    </ClCompile>
    <ClCompile Include="util\lists.c">
      <Filter>Source Files</Filter>
    </ClCompile>
    <ClCompile Include="util\log.c">
      <Filter>Source Files</Filter>
    </ClCompile>
    <ClCompile Include="util\message.c">
      <Filter>Source Files</Filter>
    </ClCompile>
    <ClCompile Include="util\nrmessage.c">
      <Filter>Source Files</Filter>
    </ClCompile>
    <ClCompile Include="util\parser.c">
      <Filter>Source Files</Filter>
    </ClCompile>
    <ClCompile Include="util\rand.c">
      <Filter>Source Files</Filter>
    </ClCompile>
    <ClCompile Include="util\resolve.c">
      <Filter>Source Files</Filter>
    </ClCompile>
    <ClCompile Include="util\sql.c">
      <Filter>Source Files</Filter>
    </ClCompile>
    <ClCompile Include="util\strings.c">
      <Filter>Source Files</Filter>
    </ClCompile>
    <ClCompile Include="util\translation.c">
      <Filter>Source Files</Filter>
    </ClCompile>
    <ClCompile Include="util\umlaut.c">
      <Filter>Source Files</Filter>
    </ClCompile>
    <ClCompile Include="util\unicode.c">
      <Filter>Source Files</Filter>
    </ClCompile>
    <ClCompile Include="util\xml.c">
      <Filter>Source Files</Filter>
    </ClCompile>
    <ClCompile Include="util\quicklist.c">
      <Filter>Source Files</Filter>
    </ClCompile>
    <ClCompile Include="util\quicklist_test.c">
      <Filter>Source Files</Filter>
    </ClCompile>
    <ClCompile Include="util\os.c">
      <Filter>Source Files</Filter>
    </ClCompile>
    <ClCompile Include="util\critbit.c">
      <Filter>Header Files</Filter>
    </ClCompile>
    <ClCompile Include="util\functions_test.c">
      <Filter>Source Files</Filter>
    </ClCompile>
    <ClCompile Include="util\umlaut_test.c">
      <Filter>Source Files</Filter>
    </ClCompile>
    <ClCompile Include="util\bsdstring_test.c">
      <Filter>Source Files</Filter>
    </ClCompile>
  </ItemGroup>
</Project>